
Microsoft Visual Studio Solution File, Format Version 12.00
# Visual Studio Version 17
VisualStudioVersion = 17.1.32228.430
MinimumVisualStudioVersion = 10.0.40219.1
Project("{FAE04EC0-301F-11D3-BF4B-00C04F79EFBC}") = "Histograma", "Histograma\Histograma.csproj", "{4D9B2709-F4AF-4D4B-A202-3D8DBD523D87}"
EndProject
Global
	GlobalSection(SolutionConfigurationPlatforms) = preSolution
		Debug|Any CPU = Debug|Any CPU
		Release|Any CPU = Release|Any CPU
	EndGlobalSection
	GlobalSection(ProjectConfigurationPlatforms) = postSolution
		{4D9B2709-F4AF-4D4B-A202-3D8DBD523D87}.Debug|Any CPU.ActiveCfg = Debug|Any CPU
		{4D9B2709-F4AF-4D4B-A202-3D8DBD523D87}.Debug|Any CPU.Build.0 = Debug|Any CPU
		{4D9B2709-F4AF-4D4B-A202-3D8DBD523D87}.Release|Any CPU.ActiveCfg = Release|Any CPU
		{4D9B2709-F4AF-4D4B-A202-3D8DBD523D87}.Release|Any CPU.Build.0 = Release|Any CPU
	EndGlobalSection
	GlobalSection(SolutionProperties) = preSolution
		HideSolutionNode = FALSE
	EndGlobalSection
	GlobalSection(ExtensibilityGlobals) = postSolution
		SolutionGuid = {CF9E3652-5CBC-45FC-B547-C339E811CFD3}
	EndGlobalSection
EndGlobal
